{
  "name": "swisseph-wasm-accuracy-test",
  "lockfileVersion": 3,
  "requires": true,
  "packages": {
    "": {
      "name": "swisseph-wasm-accuracy-test",
      "dependencies": {
        "swisseph-wasm": "^0.0.4"
      }
    },
    "node_modules/swisseph-wasm": {
      "version": "0.0.4",
      "resolved": "https://registry.npmjs.org/swisseph-wasm/-/swisseph-wasm-0.0.4.tgz",
      "integrity": "sha512-OPyQQCiQ59apjav9CE1Wz90m3WRTADUwc7prXg8okNped6vOK/JzIoKBGpFPONNgzp1U19/u3NdaM/LP0WzuAQ==",
      "license": "GPL-3.0-or-later",
      "engines": {
        "node": ">=14.0.0"
      }
    }
  }
}
